
Microsoft Visual Studio Solution File, Format Version 12.00
# Visual Studio 15
VisualStudioVersion = 15.0.27130.2027
MinimumVisualStudioVersion = 10.0.40219.1
Project("{9A19103F-16F7-4668-BE54-9A1E7A4F7556}") = "MaquinasUbicacion", "MaquinasUbicacion\MaquinasUbicacion.csproj", "{63719B1E-D1E8-4F38-82D7-8EE7BD41F3F6}"
EndProject
Project("{9A19103F-16F7-4668-BE54-9A1E7A4F7556}") = "XUnitTestProject3", "XUnitTestProject3\XUnitTestProject3.csproj", "{8F34470D-0DE9-4867-9F6C-6FEA281591A7}"
EndProject
Global
	GlobalSection(SolutionConfigurationPlatforms) = preSolution
		Debug|Any CPU = Debug|Any CPU
		Release|Any CPU = Release|Any CPU
	EndGlobalSection
	GlobalSection(ProjectConfigurationPlatforms) = postSolution
		{63719B1E-D1E8-4F38-82D7-8EE7BD41F3F6}.Debug|Any CPU.ActiveCfg = Debug|Any CPU
		{63719B1E-D1E8-4F38-82D7-8EE7BD41F3F6}.Debug|Any CPU.Build.0 = Debug|Any CPU
		{63719B1E-D1E8-4F38-82D7-8EE7BD41F3F6}.Release|Any CPU.ActiveCfg = Release|Any CPU
		{63719B1E-D1E8-4F38-82D7-8EE7BD41F3F6}.Release|Any CPU.Build.0 = Release|Any CPU
		{8F34470D-0DE9-4867-9F6C-6FEA281591A7}.Debug|Any CPU.ActiveCfg = Debug|Any CPU
		{8F34470D-0DE9-4867-9F6C-6FEA281591A7}.Debug|Any CPU.Build.0 = Debug|Any CPU
		{8F34470D-0DE9-4867-9F6C-6FEA281591A7}.Release|Any CPU.ActiveCfg = Release|Any CPU
		{8F34470D-0DE9-4867-9F6C-6FEA281591A7}.Release|Any CPU.Build.0 = Release|Any CPU
	EndGlobalSection
	GlobalSection(SolutionProperties) = preSolution
		HideSolutionNode = FALSE
	EndGlobalSection
	GlobalSection(ExtensibilityGlobals) = postSolution
		SolutionGuid = {2A68B4DE-F110-4311-9C73-327DEB5C038D}
	EndGlobalSection
EndGlobal
